// !$*UTF8*$!
{
	archiveVersion = 1;
	classes = {
	};
	objectVersion = 56;
	objects = {

/* Begin PBXBuildFile section */
		7A0785E129B88DD9002FD05F /* LocationManager.swift in Sources */ = {isa = PBXBuildFile; fileRef = 7A0785E029B88DD9002FD05F /* LocationManager.swift */; };
		7A0785E329B88E8D002FD05F /* UIViewController+ShowAlert.swift in Sources */ = {isa = PBXBuildFile; fileRef = 7A0785E229B88E8D002FD05F /* UIViewController+ShowAlert.swift */; };
		7A44192929BA0005006D8743 /* PointAnnotation.swift in Sources */ = {isa = PBXBuildFile; fileRef = 7A44192829BA0005006D8743 /* PointAnnotation.swift */; };
		7A44768929B873EC00209F36 /* Coordinator.swift in Sources */ = {isa = PBXBuildFile; fileRef = 7A44768829B873EC00209F36 /* Coordinator.swift */; };
		7A44768B29B8747C00209F36 /* MapViewController.swift in Sources */ = {isa = PBXBuildFile; fileRef = 7A44768A29B8747C00209F36 /* MapViewController.swift */; };
		7A44768D29B874C600209F36 /* UIViewController+GetFromStoryboard.swift in Sources */ = {isa = PBXBuildFile; fileRef = 7A44768C29B874C600209F36 /* UIViewController+GetFromStoryboard.swift */; };
		7A78251729B759C6007DCE8E /* UIView+CornerRadius.swift in Sources */ = {isa = PBXBuildFile; fileRef = 7A78251629B759C6007DCE8E /* UIView+CornerRadius.swift */; };
		7A78251B29B75B4C007DCE8E /* UIView+AddShadow.swift in Sources */ = {isa = PBXBuildFile; fileRef = 7A78251A29B75B4C007DCE8E /* UIView+AddShadow.swift */; };
		7AAED1E329B6739F0090F534 /* AppDelegate.swift in Sources */ = {isa = PBXBuildFile; fileRef = 7AAED1E229B6739F0090F534 /* AppDelegate.swift */; };
		7AAED1E529B6739F0090F534 /* SceneDelegate.swift in Sources */ = {isa = PBXBuildFile; fileRef = 7AAED1E429B6739F0090F534 /* SceneDelegate.swift */; };
		7AAED1E729B6739F0090F534 /* WelcomeViewController.swift in Sources */ = {isa = PBXBuildFile; fileRef = 7AAED1E629B6739F0090F534 /* WelcomeViewController.swift */; };
		7AAED1EA29B6739F0090F534 /* Main.storyboard in Resources */ = {isa = PBXBuildFile; fileRef = 7AAED1E829B6739F0090F534 /* Main.storyboard */; };
		7AAED1EC29B673A00090F534 /* Assets.xcassets in Resources */ = {isa = PBXBuildFile; fileRef = 7AAED1EB29B673A00090F534 /* Assets.xcassets */; };
		7AAED1EF29B673A00090F534 /* LaunchScreen.storyboard in Resources */ = {isa = PBXBuildFile; fileRef = 7AAED1ED29B673A00090F534 /* LaunchScreen.storyboard */; };
		7AB03E8229B8F1EB00EF8BE1 /* TypePointCollectionViewCell.swift in Sources */ = {isa = PBXBuildFile; fileRef = 7AB03E8129B8F1EB00EF8BE1 /* TypePointCollectionViewCell.swift */; };
		7AB03E8429B8F6BF00EF8BE1 /* TypeOfSportPoint.swift in Sources */ = {isa = PBXBuildFile; fileRef = 7AB03E8329B8F6BF00EF8BE1 /* TypeOfSportPoint.swift */; };
		7AB03E8629B9070B00EF8BE1 /* CustomTextField.swift in Sources */ = {isa = PBXBuildFile; fileRef = 7AB03E8529B9070B00EF8BE1 /* CustomTextField.swift */; };
		7AB03E8829B9A7EA00EF8BE1 /* Point.swift in Sources */ = {isa = PBXBuildFile; fileRef = 7AB03E8729B9A7EA00EF8BE1 /* Point.swift */; };
		7AB03E8A29B9AD4500EF8BE1 /* Data.json in Resources */ = {isa = PBXBuildFile; fileRef = 7AB03E8929B9AD4500EF8BE1 /* Data.json */; };
		7AB03E8C29B9AE0F00EF8BE1 /* DataService.swift in Sources */ = {isa = PBXBuildFile; fileRef = 7AB03E8B29B9AE0F00EF8BE1 /* DataService.swift */; };
		7AB03E8E29B9B78600EF8BE1 /* APIError.swift in Sources */ = {isa = PBXBuildFile; fileRef = 7AB03E8D29B9B78600EF8BE1 /* APIError.swift */; };
		7AB03E9029B9DD9C00EF8BE1 /* AppleMapService.swift in Sources */ = {isa = PBXBuildFile; fileRef = 7AB03E8F29B9DD9C00EF8BE1 /* AppleMapService.swift */; };
/* End PBXBuildFile section */

/* Begin PBXFileReference section */
		7A0785E029B88DD9002FD05F /* LocationManager.swift */ = {isa = PBXFileReference; lastKnownFileType = sourcecode.swift; path = LocationManager.swift; sourceTree = "<group>"; };
		7A0785E229B88E8D002FD05F /* UIViewController+ShowAlert.swift */ = {isa = PBXFileReference; lastKnownFileType = sourcecode.swift; path = "UIViewController+ShowAlert.swift"; sourceTree = "<group>"; };
		7A44192829BA0005006D8743 /* PointAnnotation.swift */ = {isa = PBXFileReference; lastKnownFileType = sourcecode.swift; path = PointAnnotation.swift; sourceTree = "<group>"; };
		7A44768829B873EC00209F36 /* Coordinator.swift */ = {isa = PBXFileReference; fileEncoding = 4; lastKnownFileType = sourcecode.swift; path = Coordinator.swift; sourceTree = "<group>"; };
		7A44768A29B8747C00209F36 /* MapViewController.swift */ = {isa = PBXFileReference; lastKnownFileType = sourcecode.swift; path = MapViewController.swift; sourceTree = "<group>"; };
		7A44768C29B874C600209F36 /* UIViewController+GetFromStoryboard.swift */ = {isa = PBXFileReference; fileEncoding = 4; lastKnownFileType = sourcecode.swift; path = "UIViewController+GetFromStoryboard.swift"; sourceTree = "<group>"; };
		7A78251629B759C6007DCE8E /* UIView+CornerRadius.swift */ = {isa = PBXFileReference; lastKnownFileType = sourcecode.swift; path = "UIView+CornerRadius.swift"; sourceTree = "<group>"; };
		7A78251A29B75B4C007DCE8E /* UIView+AddShadow.swift */ = {isa = PBXFileReference; lastKnownFileType = sourcecode.swift; path = "UIView+AddShadow.swift"; sourceTree = "<group>"; };
		7AAED1DF29B6739F0090F534 /* SportPoint.app */ = {isa = PBXFileReference; explicitFileType = wrapper.application; includeInIndex = 0; path = SportPoint.app; sourceTree = BUILT_PRODUCTS_DIR; };
		7AAED1E229B6739F0090F534 /* AppDelegate.swift */ = {isa = PBXFileReference; lastKnownFileType = sourcecode.swift; path = AppDelegate.swift; sourceTree = "<group>"; };
		7AAED1E429B6739F0090F534 /* SceneDelegate.swift */ = {isa = PBXFileReference; lastKnownFileType = sourcecode.swift; path = SceneDelegate.swift; sourceTree = "<group>"; };
		7AAED1E629B6739F0090F534 /* WelcomeViewController.swift */ = {isa = PBXFileReference; lastKnownFileType = sourcecode.swift; path = WelcomeViewController.swift; sourceTree = "<group>"; };
		7AAED1E929B6739F0090F534 /* Base */ = {isa = PBXFileReference; lastKnownFileType = file.storyboard; name = Base; path = Base.lproj/Main.storyboard; sourceTree = "<group>"; };
		7AAED1EB29B673A00090F534 /* Assets.xcassets */ = {isa = PBXFileReference; lastKnownFileType = folder.assetcatalog; path = Assets.xcassets; sourceTree = "<group>"; };
		7AAED1EE29B673A00090F534 /* Base */ = {isa = PBXFileReference; lastKnownFileType = file.storyboard; name = Base; path = Base.lproj/LaunchScreen.storyboard; sourceTree = "<group>"; };
		7AAED1F029B673A00090F534 /* Info.plist */ = {isa = PBXFileReference; lastKnownFileType = text.plist.xml; path = Info.plist; sourceTree = "<group>"; };
		7AB03E8129B8F1EB00EF8BE1 /* TypePointCollectionViewCell.swift */ = {isa = PBXFileReference; lastKnownFileType = sourcecode.swift; path = TypePointCollectionViewCell.swift; sourceTree = "<group>"; };
		7AB03E8329B8F6BF00EF8BE1 /* TypeOfSportPoint.swift */ = {isa = PBXFileReference; lastKnownFileType = sourcecode.swift; path = TypeOfSportPoint.swift; sourceTree = "<group>"; };
		7AB03E8529B9070B00EF8BE1 /* CustomTextField.swift */ = {isa = PBXFileReference; fileEncoding = 4; lastKnownFileType = sourcecode.swift; path = CustomTextField.swift; sourceTree = "<group>"; };
		7AB03E8729B9A7EA00EF8BE1 /* Point.swift */ = {isa = PBXFileReference; lastKnownFileType = sourcecode.swift; path = Point.swift; sourceTree = "<group>"; };
		7AB03E8929B9AD4500EF8BE1 /* Data.json */ = {isa = PBXFileReference; lastKnownFileType = text.json; path = Data.json; sourceTree = "<group>"; };
		7AB03E8B29B9AE0F00EF8BE1 /* DataService.swift */ = {isa = PBXFileReference; lastKnownFileType = sourcecode.swift; path = DataService.swift; sourceTree = "<group>"; };
		7AB03E8D29B9B78600EF8BE1 /* APIError.swift */ = {isa = PBXFileReference; lastKnownFileType = sourcecode.swift; path = APIError.swift; sourceTree = "<group>"; };
		7AB03E8F29B9DD9C00EF8BE1 /* AppleMapService.swift */ = {isa = PBXFileReference; lastKnownFileType = sourcecode.swift; path = AppleMapService.swift; sourceTree = "<group>"; };
/* End PBXFileReference section */

/* Begin PBXFrameworksBuildPhase section */
		7AAED1DC29B6739F0090F534 /* Frameworks */ = {
			isa = PBXFrameworksBuildPhase;
			buildActionMask = 2147483647;
			files = (
			);
			runOnlyForDeploymentPostprocessing = 0;
		};
/* End PBXFrameworksBuildPhase section */

/* Begin PBXGroup section */
		7AAA789129B735E000BD50E0 /* Controllers */ = {
			isa = PBXGroup;
			children = (
				7AAA789929B7367500BD50E0 /* !Common */,
				7AAA789A29B7368100BD50E0 /* Init */,
				7AAA789B29B7369500BD50E0 /* Map */,
			);
			path = Controllers;
			sourceTree = "<group>";
		};
		7AAA789229B735ED00BD50E0 /* Enums */ = {
			isa = PBXGroup;
			children = (
				7AB03E8329B8F6BF00EF8BE1 /* TypeOfSportPoint.swift */,
				7AB03E8D29B9B78600EF8BE1 /* APIError.swift */,
			);
			path = Enums;
			sourceTree = "<group>";
		};
		7AAA789329B735FE00BD50E0 /* Extensions */ = {
			isa = PBXGroup;
			children = (
				7A78251629B759C6007DCE8E /* UIView+CornerRadius.swift */,
				7A78251A29B75B4C007DCE8E /* UIView+AddShadow.swift */,
				7A44768C29B874C600209F36 /* UIViewController+GetFromStoryboard.swift */,
				7A0785E229B88E8D002FD05F /* UIViewController+ShowAlert.swift */,
			);
			path = Extensions;
			sourceTree = "<group>";
		};
		7AAA789429B7360400BD50E0 /* Helpers */ = {
			isa = PBXGroup;
			children = (
				7AB03E8529B9070B00EF8BE1 /* CustomTextField.swift */,
			);
			path = Helpers;
			sourceTree = "<group>";
		};
		7AAA789529B7362000BD50E0 /* Models */ = {
			isa = PBXGroup;
			children = (
				7AB03E8729B9A7EA00EF8BE1 /* Point.swift */,
				7A44192829BA0005006D8743 /* PointAnnotation.swift */,
				7AB03E8929B9AD4500EF8BE1 /* Data.json */,
			);
			path = Models;
			sourceTree = "<group>";
		};
		7AAA789629B7362700BD50E0 /* Protocols */ = {
			isa = PBXGroup;
			children = (
			);
			path = Protocols;
			sourceTree = "<group>";
		};
		7AAA789729B7363100BD50E0 /* Resources */ = {
			isa = PBXGroup;
			children = (
			);
			path = Resources;
			sourceTree = "<group>";
		};
		7AAA789829B7364600BD50E0 /* Services */ = {
			isa = PBXGroup;
			children = (
				7A0785E029B88DD9002FD05F /* LocationManager.swift */,
				7AB03E8F29B9DD9C00EF8BE1 /* AppleMapService.swift */,
				7AB03E8B29B9AE0F00EF8BE1 /* DataService.swift */,
			);
			path = Services;
			sourceTree = "<group>";
		};
		7AAA789929B7367500BD50E0 /* !Common */ = {
			isa = PBXGroup;
			children = (
				7A44768829B873EC00209F36 /* Coordinator.swift */,
			);
			path = "!Common";
			sourceTree = "<group>";
		};
		7AAA789A29B7368100BD50E0 /* Init */ = {
			isa = PBXGroup;
			children = (
				7AAED1E629B6739F0090F534 /* WelcomeViewController.swift */,
			);
			path = Init;
			sourceTree = "<group>";
		};
		7AAA789B29B7369500BD50E0 /* Map */ = {
			isa = PBXGroup;
			children = (
				7A44768A29B8747C00209F36 /* MapViewController.swift */,
				7AB03E8129B8F1EB00EF8BE1 /* TypePointCollectionViewCell.swift */,
			);
			path = Map;
			sourceTree = "<group>";
		};
		7AAED1D629B6739F0090F534 = {
			isa = PBXGroup;
			children = (
				7AAED1E129B6739F0090F534 /* SportPoint */,
				7AAED1E029B6739F0090F534 /* Products */,
			);
			sourceTree = "<group>";
		};
		7AAED1E029B6739F0090F534 /* Products */ = {
			isa = PBXGroup;
			children = (
				7AAED1DF29B6739F0090F534 /* SportPoint.app */,
			);
			name = Products;
			sourceTree = "<group>";
		};
		7AAED1E129B6739F0090F534 /* SportPoint */ = {
			isa = PBXGroup;
			children = (
				7AAA789129B735E000BD50E0 /* Controllers */,
				7AAA789229B735ED00BD50E0 /* Enums */,
				7AAA789329B735FE00BD50E0 /* Extensions */,
				7AAA789429B7360400BD50E0 /* Helpers */,
				7AAA789529B7362000BD50E0 /* Models */,
				7AAA789629B7362700BD50E0 /* Protocols */,
				7AAA789729B7363100BD50E0 /* Resources */,
				7AAA789829B7364600BD50E0 /* Services */,
				7AAED1E229B6739F0090F534 /* AppDelegate.swift */,
				7AAED1E429B6739F0090F534 /* SceneDelegate.swift */,
				7AAED1E829B6739F0090F534 /* Main.storyboard */,
				7AAED1EB29B673A00090F534 /* Assets.xcassets */,
				7AAED1ED29B673A00090F534 /* LaunchScreen.storyboard */,
				7AAED1F029B673A00090F534 /* Info.plist */,
			);
			path = SportPoint;
			sourceTree = "<group>";
		};
/* End PBXGroup section */

/* Begin PBXNativeTarget section */
		7AAED1DE29B6739F0090F534 /* SportPoint */ = {
			isa = PBXNativeTarget;
			buildConfigurationList = 7AAED1F329B673A00090F534 /* Build configuration list for PBXNativeTarget "SportPoint" */;
			buildPhases = (
				7AAED1DB29B6739F0090F534 /* Sources */,
				7AAED1DC29B6739F0090F534 /* Frameworks */,
				7AAED1DD29B6739F0090F534 /* Resources */,
			);
			buildRules = (
			);
			dependencies = (
			);
			name = SportPoint;
			productName = SportPoint;
			productReference = 7AAED1DF29B6739F0090F534 /* SportPoint.app */;
			productType = "com.apple.product-type.application";
		};
/* End PBXNativeTarget section */

/* Begin PBXProject section */
		7AAED1D729B6739F0090F534 /* Project object */ = {
			isa = PBXProject;
			attributes = {
				BuildIndependentTargetsInParallel = 1;
				LastSwiftUpdateCheck = 1420;
				LastUpgradeCheck = 1420;
				TargetAttributes = {
					7AAED1DE29B6739F0090F534 = {
						CreatedOnToolsVersion = 14.2;
					};
				};
			};
			buildConfigurationList = 7AAED1DA29B6739F0090F534 /* Build configuration list for PBXProject "SportPoint" */;
			compatibilityVersion = "Xcode 14.0";
			developmentRegion = en;
			hasScannedForEncodings = 0;
			knownRegions = (
				en,
				Base,
			);
			mainGroup = 7AAED1D629B6739F0090F534;
			productRefGroup = 7AAED1E029B6739F0090F534 /* Products */;
			projectDirPath = "";
			projectRoot = "";
			targets = (
				7AAED1DE29B6739F0090F534 /* SportPoint */,
			);
		};
/* End PBXProject section */

/* Begin PBXResourcesBuildPhase section */
		7AAED1DD29B6739F0090F534 /* Resources */ = {
			isa = PBXResourcesBuildPhase;
			buildActionMask = 2147483647;
			files = (
				7AAED1EF29B673A00090F534 /* LaunchScreen.storyboard in Resources */,
				7AAED1EC29B673A00090F534 /* Assets.xcassets in Resources */,
				7AAED1EA29B6739F0090F534 /* Main.storyboard in Resources */,
				7AB03E8A29B9AD4500EF8BE1 /* Data.json in Resources */,
			);
			runOnlyForDeploymentPostprocessing = 0;
		};
/* End PBXResourcesBuildPhase section */

/* Begin PBXSourcesBuildPhase section */
		7AAED1DB29B6739F0090F534 /* Sources */ = {
			isa = PBXSourcesBuildPhase;
			buildActionMask = 2147483647;
			files = (
				7AB03E8629B9070B00EF8BE1 /* CustomTextField.swift in Sources */,
				7A0785E329B88E8D002FD05F /* UIViewController+ShowAlert.swift in Sources */,
				7A44768D29B874C600209F36 /* UIViewController+GetFromStoryboard.swift in Sources */,
				7AAED1E729B6739F0090F534 /* WelcomeViewController.swift in Sources */,
				7AB03E8829B9A7EA00EF8BE1 /* Point.swift in Sources */,
				7A78251729B759C6007DCE8E /* UIView+CornerRadius.swift in Sources */,
				7A44768929B873EC00209F36 /* Coordinator.swift in Sources */,
				7AB03E9029B9DD9C00EF8BE1 /* AppleMapService.swift in Sources */,
				7AAED1E329B6739F0090F534 /* AppDelegate.swift in Sources */,
				7AAED1E529B6739F0090F534 /* SceneDelegate.swift in Sources */,
				7AB03E8C29B9AE0F00EF8BE1 /* DataService.swift in Sources */,
				7A44192929BA0005006D8743 /* PointAnnotation.swift in Sources */,
				7A78251B29B75B4C007DCE8E /* UIView+AddShadow.swift in Sources */,
				7A44768B29B8747C00209F36 /* MapViewController.swift in Sources */,
				7A0785E129B88DD9002FD05F /* LocationManager.swift in Sources */,
				7AB03E8E29B9B78600EF8BE1 /* APIError.swift in Sources */,
				7AB03E8429B8F6BF00EF8BE1 /* TypeOfSportPoint.swift in Sources */,
				7AB03E8229B8F1EB00EF8BE1 /* TypePointCollectionViewCell.swift in Sources */,
			);
			runOnlyForDeploymentPostprocessing = 0;
		};
/* End PBXSourcesBuildPhase section */

/* Begin PBXVariantGroup section */
		7AAED1E829B6739F0090F534 /* Main.storyboard */ = {
			isa = PBXVariantGroup;
			children = (
				7AAED1E929B6739F0090F534 /* Base */,
			);
			name = Main.storyboard;
			sourceTree = "<group>";
		};
		7AAED1ED29B673A00090F534 /* LaunchScreen.storyboard */ = {
			isa = PBXVariantGroup;
			children = (
				7AAED1EE29B673A00090F534 /* Base */,
			);
			name = LaunchScreen.storyboard;
			sourceTree = "<group>";
		};
/* End PBXVariantGroup section */

/* Begin XCBuildConfiguration section */
		7AAED1F129B673A00090F534 /* Debug */ = {
			isa = XCBuildConfiguration;
			buildSettings = {
				ALWAYS_SEARCH_USER_PATHS = NO;
				CLANG_ANALYZER_NONNULL = YES;
				CLANG_ANALYZER_NUMBER_OBJECT_CONVERSION = YES_AGGRESSIVE;
				CLANG_CXX_LANGUAGE_STANDARD = "gnu++20";
				CLANG_ENABLE_MODULES = YES;
				CLANG_ENABLE_OBJC_ARC = YES;
				CLANG_ENABLE_OBJC_WEAK = YES;
				CLANG_WARN_BLOCK_CAPTURE_AUTORELEASING = YES;
				CLANG_WARN_BOOL_CONVERSION = YES;
				CLANG_WARN_COMMA = YES;
				CLANG_WARN_CONSTANT_CONVERSION = YES;
				CLANG_WARN_DEPRECATED_OBJC_IMPLEMENTATIONS = YES;
				CLANG_WARN_DIRECT_OBJC_ISA_USAGE = YES_ERROR;
				CLANG_WARN_DOCUMENTATION_COMMENTS = YES;
				CLANG_WARN_EMPTY_BODY = YES;
				CLANG_WARN_ENUM_CONVERSION = YES;
				CLANG_WARN_INFINITE_RECURSION = YES;
				CLANG_WARN_INT_CONVERSION = YES;
				CLANG_WARN_NON_LITERAL_NULL_CONVERSION = YES;
				CLANG_WARN_OBJC_IMPLICIT_RETAIN_SELF = YES;
				CLANG_WARN_OBJC_LITERAL_CONVERSION = YES;
				CLANG_WARN_OBJC_ROOT_CLASS = YES_ERROR;
				CLANG_WARN_QUOTED_INCLUDE_IN_FRAMEWORK_HEADER = YES;
				CLANG_WARN_RANGE_LOOP_ANALYSIS = YES;
				CLANG_WARN_STRICT_PROTOTYPES = YES;
				CLANG_WARN_SUSPICIOUS_MOVE = YES;
				CLANG_WARN_UNGUARDED_AVAILABILITY = YES_AGGRESSIVE;
				CLANG_WARN_UNREACHABLE_CODE = YES;
				CLANG_WARN__DUPLICATE_METHOD_MATCH = YES;
				COPY_PHASE_STRIP = NO;
				DEBUG_INFORMATION_FORMAT = dwarf;
				ENABLE_STRICT_OBJC_MSGSEND = YES;
				ENABLE_TESTABILITY = YES;
				GCC_C_LANGUAGE_STANDARD = gnu11;
				GCC_DYNAMIC_NO_PIC = NO;
				GCC_NO_COMMON_BLOCKS = YES;
				GCC_OPTIMIZATION_LEVEL = 0;
				GCC_PREPROCESSOR_DEFINITIONS = (
					"DEBUG=1",
					"$(inherited)",
				);
				GCC_WARN_64_TO_32_BIT_CONVERSION = YES;
				GCC_WARN_ABOUT_RETURN_TYPE = YES_ERROR;
				GCC_WARN_UNDECLARED_SELECTOR = YES;
				GCC_WARN_UNINITIALIZED_AUTOS = YES_AGGRESSIVE;
				GCC_WARN_UNUSED_FUNCTION = YES;
				GCC_WARN_UNUSED_VARIABLE = YES;
				IPHONEOS_DEPLOYMENT_TARGET = 16.2;
				MTL_ENABLE_DEBUG_INFO = INCLUDE_SOURCE;
				MTL_FAST_MATH = YES;
				ONLY_ACTIVE_ARCH = YES;
				SDKROOT = iphoneos;
				SWIFT_ACTIVE_COMPILATION_CONDITIONS = DEBUG;
				SWIFT_OPTIMIZATION_LEVEL = "-Onone";
			};
			name = Debug;
		};
		7AAED1F229B673A00090F534 /* Release */ = {
			isa = XCBuildConfiguration;
			buildSettings = {
				ALWAYS_SEARCH_USER_PATHS = NO;
				CLANG_ANALYZER_NONNULL = YES;
				CLANG_ANALYZER_NUMBER_OBJECT_CONVERSION = YES_AGGRESSIVE;
				CLANG_CXX_LANGUAGE_STANDARD = "gnu++20";
				CLANG_ENABLE_MODULES = YES;
				CLANG_ENABLE_OBJC_ARC = YES;
				CLANG_ENABLE_OBJC_WEAK = YES;
				CLANG_WARN_BLOCK_CAPTURE_AUTORELEASING = YES;
				CLANG_WARN_BOOL_CONVERSION = YES;
				CLANG_WARN_COMMA = YES;
				CLANG_WARN_CONSTANT_CONVERSION = YES;
				CLANG_WARN_DEPRECATED_OBJC_IMPLEMENTATIONS = YES;
				CLANG_WARN_DIRECT_OBJC_ISA_USAGE = YES_ERROR;
				CLANG_WARN_DOCUMENTATION_COMMENTS = YES;
				CLANG_WARN_EMPTY_BODY = YES;
				CLANG_WARN_ENUM_CONVERSION = YES;
				CLANG_WARN_INFINITE_RECURSION = YES;
				CLANG_WARN_INT_CONVERSION = YES;
				CLANG_WARN_NON_LITERAL_NULL_CONVERSION = YES;
				CLANG_WARN_OBJC_IMPLICIT_RETAIN_SELF = YES;
				CLANG_WARN_OBJC_LITERAL_CONVERSION = YES;
				CLANG_WARN_OBJC_ROOT_CLASS = YES_ERROR;
				CLANG_WARN_QUOTED_INCLUDE_IN_FRAMEWORK_HEADER = YES;
				CLANG_WARN_RANGE_LOOP_ANALYSIS = YES;
				CLANG_WARN_STRICT_PROTOTYPES = YES;
				CLANG_WARN_SUSPICIOUS_MOVE = YES;
				CLANG_WARN_UNGUARDED_AVAILABILITY = YES_AGGRESSIVE;
				CLANG_WARN_UNREACHABLE_CODE = YES;
				CLANG_WARN__DUPLICATE_METHOD_MATCH = YES;
				COPY_PHASE_STRIP = NO;
				DEBUG_INFORMATION_FORMAT = "dwarf-with-dsym";
				ENABLE_NS_ASSERTIONS = NO;
				ENABLE_STRICT_OBJC_MSGSEND = YES;
				GCC_C_LANGUAGE_STANDARD = gnu11;
				GCC_NO_COMMON_BLOCKS = YES;
				GCC_WARN_64_TO_32_BIT_CONVERSION = YES;
				GCC_WARN_ABOUT_RETURN_TYPE = YES_ERROR;
				GCC_WARN_UNDECLARED_SELECTOR = YES;
				GCC_WARN_UNINITIALIZED_AUTOS = YES_AGGRESSIVE;
				GCC_WARN_UNUSED_FUNCTION = YES;
				GCC_WARN_UNUSED_VARIABLE = YES;
				IPHONEOS_DEPLOYMENT_TARGET = 16.2;
				MTL_ENABLE_DEBUG_INFO = NO;
				MTL_FAST_MATH = YES;
				SDKROOT = iphoneos;
				SWIFT_COMPILATION_MODE = wholemodule;
				SWIFT_OPTIMIZATION_LEVEL = "-O";
				VALIDATE_PRODUCT = YES;
			};
			name = Release;
		};
		7AAED1F429B673A00090F534 /* Debug */ = {
			isa = XCBuildConfiguration;
			buildSettings = {
				ASSETCATALOG_COMPILER_APPICON_NAME = AppIcon;
				ASSETCATALOG_COMPILER_GLOBAL_ACCENT_COLOR_NAME = AccentColor;
				CODE_SIGN_STYLE = Automatic;
				CURRENT_PROJECT_VERSION = 1;
				GENERATE_INFOPLIST_FILE = YES;
				INFOPLIST_FILE = SportPoint/Info.plist;
				INFOPLIST_KEY_UIApplicationSupportsIndirectInputEvents = YES;
				INFOPLIST_KEY_UILaunchStoryboardName = LaunchScreen;
				INFOPLIST_KEY_UIMainStoryboardFile = Main;
				INFOPLIST_KEY_UISupportedInterfaceOrientations = UIInterfaceOrientationPortrait;
				INFOPLIST_KEY_UISupportedInterfaceOrientations_iPad = "UIInterfaceOrientationLandscapeLeft UIInterfaceOrientationLandscapeRight UIInterfaceOrientationPortrait UIInterfaceOrientationPortraitUpsideDown";
				IPHONEOS_DEPLOYMENT_TARGET = 13.0;
				LD_RUNPATH_SEARCH_PATHS = (
					"$(inherited)",
					"@executable_path/Frameworks",
				);
				MARKETING_VERSION = 1.0;
				PRODUCT_BUNDLE_IDENTIFIER = sports.SportPoint;
				PRODUCT_NAME = "$(TARGET_NAME)";
				SUPPORTED_PLATFORMS = "iphoneos iphonesimulator";
				SUPPORTS_MACCATALYST = NO;
				SUPPORTS_MAC_DESIGNED_FOR_IPHONE_IPAD = NO;
				SWIFT_EMIT_LOC_STRINGS = YES;
				SWIFT_VERSION = 5.0;
				TARGETED_DEVICE_FAMILY = 1;
			};
			name = Debug;
		};
		7AAED1F529B673A00090F534 /* Release */ = {
			isa = XCBuildConfiguration;
			buildSettings = {
				ASSETCATALOG_COMPILER_APPICON_NAME = AppIcon;
				ASSETCATALOG_COMPILER_GLOBAL_ACCENT_COLOR_NAME = AccentColor;
				CODE_SIGN_STYLE = Automatic;
				CURRENT_PROJECT_VERSION = 1;
				GENERATE_INFOPLIST_FILE = YES;
				INFOPLIST_FILE = SportPoint/Info.plist;
				INFOPLIST_KEY_UIApplicationSupportsIndirectInputEvents = YES;
				INFOPLIST_KEY_UILaunchStoryboardName = LaunchScreen;
				INFOPLIST_KEY_UIMainStoryboardFile = Main;
				INFOPLIST_KEY_UISupportedInterfaceOrientations = UIInterfaceOrientationPortrait;
				INFOPLIST_KEY_UISupportedInterfaceOrientations_iPad = "UIInterfaceOrientationLandscapeLeft UIInterfaceOrientationLandscapeRight UIInterfaceOrientationPortrait UIInterfaceOrientationPortraitUpsideDown";
				IPHONEOS_DEPLOYMENT_TARGET = 13.0;
				LD_RUNPATH_SEARCH_PATHS = (
					"$(inherited)",
					"@executable_path/Frameworks",
				);
				MARKETING_VERSION = 1.0;
				PRODUCT_BUNDLE_IDENTIFIER = sports.SportPoint;
				PRODUCT_NAME = "$(TARGET_NAME)";
				SUPPORTED_PLATFORMS = "iphoneos iphonesimulator";
				SUPPORTS_MACCATALYST = NO;
				SUPPORTS_MAC_DESIGNED_FOR_IPHONE_IPAD = NO;
				SWIFT_EMIT_LOC_STRINGS = YES;
				SWIFT_VERSION = 5.0;
				TARGETED_DEVICE_FAMILY = 1;
			};
			name = Release;
		};
/* End XCBuildConfiguration section */

/* Begin XCConfigurationList section */
		7AAED1DA29B6739F0090F534 /* Build configuration list for PBXProject "SportPoint" */ = {
			isa = XCConfigurationList;
			buildConfigurations = (
				7AAED1F129B673A00090F534 /* Debug */,
				7AAED1F229B673A00090F534 /* Release */,
			);
			defaultConfigurationIsVisible = 0;
			defaultConfigurationName = Release;
		};
		7AAED1F329B673A00090F534 /* Build configuration list for PBXNativeTarget "SportPoint" */ = {
			isa = XCConfigurationList;
			buildConfigurations = (
				7AAED1F429B673A00090F534 /* Debug */,
				7AAED1F529B673A00090F534 /* Release */,
			);
			defaultConfigurationIsVisible = 0;
			defaultConfigurationName = Release;
		};
/* End XCConfigurationList section */
	};
	rootObject = 7AAED1D729B6739F0090F534 /* Project object */;
}
